
Microsoft Visual Studio Solution File, Format Version 12.00
# Visual Studio Version 17
VisualStudioVersion = 17.8.34330.188
MinimumVisualStudioVersion = 10.0.40219.1
Project("{FAE04EC0-301F-11D3-BF4B-00C04F79EFBC}") = "MedianSketch", "MedianSketch.csproj", "{5500BD30-6B7C-43E3-B187-10E20138428A}"
EndProject
Global
	GlobalSection(SolutionConfigurationPlatforms) = preSolution
		Debug|Any CPU = Debug|Any CPU
		Release|Any CPU = Release|Any CPU
	EndGlobalSection
	GlobalSection(ProjectConfigurationPlatforms) = postSolution
		{5500BD30-6B7C-43E3-B187-10E20138428A}.Debug|Any CPU.ActiveCfg = Debug|Any CPU
		{5500BD30-6B7C-43E3-B187-10E20138428A}.Debug|Any CPU.Build.0 = Debug|Any CPU
		{5500BD30-6B7C-43E3-B187-10E20138428A}.Release|Any CPU.ActiveCfg = Release|Any CPU
		{5500BD30-6B7C-43E3-B187-10E20138428A}.Release|Any CPU.Build.0 = Release|Any CPU
	EndGlobalSection
	GlobalSection(SolutionProperties) = preSolution
		HideSolutionNode = FALSE
	EndGlobalSection
	GlobalSection(ExtensibilityGlobals) = postSolution
		SolutionGuid = {B255A24B-521E-4FFF-9189-25923A40C81B}
	EndGlobalSection
EndGlobal
